// !$*UTF8*$!
{
	archiveVersion = 1;
	classes = {
	};
	objectVersion = 50;
	objects = {

/* Begin PBXBuildFile section */
		6116CACF2335BFD60016FB94 /* AppDelegate.swift in Sources */ = {isa = PBXBuildFile; fileRef = 6116CACE2335BFD60016FB94 /* AppDelegate.swift */; };
		6116CAD12335BFD60016FB94 /* ViewController.swift in Sources */ = {isa = PBXBuildFile; fileRef = 6116CAD02335BFD60016FB94 /* ViewController.swift */; };
		6116CAD42335BFD60016FB94 /* Main.storyboard in Resources */ = {isa = PBXBuildFile; fileRef = 6116CAD22335BFD60016FB94 /* Main.storyboard */; };
		6116CAD62335BFD70016FB94 /* Assets.xcassets in Resources */ = {isa = PBXBuildFile; fileRef = 6116CAD52335BFD70016FB94 /* Assets.xcassets */; };
		6116CAD92335BFD70016FB94 /* LaunchScreen.storyboard in Resources */ = {isa = PBXBuildFile; fileRef = 6116CAD72335BFD70016FB94 /* LaunchScreen.storyboard */; };
		6116CAE42335BFD70016FB94 /* swooshTests.swift in Sources */ = {isa = PBXBuildFile; fileRef = 6116CAE32335BFD70016FB94 /* swooshTests.swift */; };
		6116CAEF2335BFD70016FB94 /* swooshUITests.swift in Sources */ = {isa = PBXBuildFile; fileRef = 6116CAEE2335BFD70016FB94 /* swooshUITests.swift */; };
/* End PBXBuildFile section */

/* Begin PBXContainerItemProxy section */
		6116CAE02335BFD70016FB94 /* PBXContainerItemProxy */ = {
			isa = PBXContainerItemProxy;
			containerPortal = 6116CAC32335BFD50016FB94 /* Project object */;
			proxyType = 1;
			remoteGlobalIDString = 6116CACA2335BFD50016FB94;
			remoteInfo = swoosh;
		};
		6116CAEB2335BFD70016FB94 /* PBXContainerItemProxy */ = {
			isa = PBXContainerItemProxy;
			containerPortal = 6116CAC32335BFD50016FB94 /* Project object */;
			proxyType = 1;
			remoteGlobalIDString = 6116CACA2335BFD50016FB94;
			remoteInfo = swoosh;
		};
/* End PBXContainerItemProxy section */

/* Begin PBXFileReference section */
		6116CACB2335BFD60016FB94 /* swoosh.app */ = {isa = PBXFileReference; explicitFileType = wrapper.application; includeInIndex = 0; path = swoosh.app; sourceTree = BUILT_PRODUCTS_DIR; };
		6116CACE2335BFD60016FB94 /* AppDelegate.swift */ = {isa = PBXFileReference; lastKnownFileType = sourcecode.swift; path = AppDelegate.swift; sourceTree = "<group>"; };
		6116CAD02335BFD60016FB94 /* ViewController.swift */ = {isa = PBXFileReference; lastKnownFileType = sourcecode.swift; path = ViewController.swift; sourceTree = "<group>"; };
		6116CAD32335BFD60016FB94 /* Base */ = {isa = PBXFileReference; lastKnownFileType = file.storyboard; name = Base; path = Base.lproj/Main.storyboard; sourceTree = "<group>"; };
		6116CAD52335BFD70016FB94 /* Assets.xcassets */ = {isa = PBXFileReference; lastKnownFileType = folder.assetcatalog; path = Assets.xcassets; sourceTree = "<group>"; };
		6116CAD82335BFD70016FB94 /* Base */ = {isa = PBXFileReference; lastKnownFileType = file.storyboard; name = Base; path = Base.lproj/LaunchScreen.storyboard; sourceTree = "<group>"; };
		6116CADA2335BFD70016FB94 /* Info.plist */ = {isa = PBXFileReference; lastKnownFileType = text.plist.xml; path = Info.plist; sourceTree = "<group>"; };
		6116CADF2335BFD70016FB94 /* swooshTests.xctest */ = {isa = PBXFileReference; explicitFileType = wrapper.cfbundle; includeInIndex = 0; path = swooshTests.xctest; sourceTree = BUILT_PRODUCTS_DIR; };
		6116CAE32335BFD70016FB94 /* swooshTests.swift */ = {isa = PBXFileReference; lastKnownFileType = sourcecode.swift; path = swooshTests.swift; sourceTree = "<group>"; };
		6116CAE52335BFD70016FB94 /* Info.plist */ = {isa = PBXFileReference; lastKnownFileType = text.plist.xml; path = Info.plist; sourceTree = "<group>"; };
		6116CAEA2335BFD70016FB94 /* swooshUITests.xctest */ = {isa = PBXFileReference; explicitFileType = wrapper.cfbundle; includeInIndex = 0; path = swooshUITests.xctest; sourceTree = BUILT_PRODUCTS_DIR; };
		6116CAEE2335BFD70016FB94 /* swooshUITests.swift */ = {isa = PBXFileReference; lastKnownFileType = sourcecode.swift; path = swooshUITests.swift; sourceTree = "<group>"; };
		6116CAF02335BFD70016FB94 /* Info.plist */ = {isa = PBXFileReference; lastKnownFileType = text.plist.xml; path = Info.plist; sourceTree = "<group>"; };
/* End PBXFileReference section */

/* Begin PBXFrameworksBuildPhase section */
		6116CAC82335BFD50016FB94 /* Frameworks */ = {
			isa = PBXFrameworksBuildPhase;
			buildActionMask = 2147483647;
			files = (
			);
			runOnlyForDeploymentPostprocessing = 0;
		};
		6116CADC2335BFD70016FB94 /* Frameworks */ = {
			isa = PBXFrameworksBuildPhase;
			buildActionMask = 2147483647;
			files = (
			);
			runOnlyForDeploymentPostprocessing = 0;
		};
		6116CAE72335BFD70016FB94 /* Frameworks */ = {
			isa = PBXFrameworksBuildPhase;
			buildActionMask = 2147483647;
			files = (
			);
			runOnlyForDeploymentPostprocessing = 0;
		};
/* End PBXFrameworksBuildPhase section */

/* Begin PBXGroup section */
		6116CAC22335BFD50016FB94 = {
			isa = PBXGroup;
			children = (
				6116CACD2335BFD60016FB94 /* swoosh */,
				6116CAE22335BFD70016FB94 /* swooshTests */,
				6116CAED2335BFD70016FB94 /* swooshUITests */,
				6116CACC2335BFD60016FB94 /* Products */,
			);
			sourceTree = "<group>";
		};
		6116CACC2335BFD60016FB94 /* Products */ = {
			isa = PBXGroup;
			children = (
				6116CACB2335BFD60016FB94 /* swoosh.app */,
				6116CADF2335BFD70016FB94 /* swooshTests.xctest */,
				6116CAEA2335BFD70016FB94 /* swooshUITests.xctest */,
			);
			name = Products;
			sourceTree = "<group>";
		};
		6116CACD2335BFD60016FB94 /* swoosh */ = {
			isa = PBXGroup;
			children = (
				6116CACE2335BFD60016FB94 /* AppDelegate.swift */,
				6116CAD02335BFD60016FB94 /* ViewController.swift */,
				6116CAD22335BFD60016FB94 /* Main.storyboard */,
				6116CAD52335BFD70016FB94 /* Assets.xcassets */,
				6116CAD72335BFD70016FB94 /* LaunchScreen.storyboard */,
				6116CADA2335BFD70016FB94 /* Info.plist */,
			);
			path = swoosh;
			sourceTree = "<group>";
		};
		6116CAE22335BFD70016FB94 /* swooshTests */ = {
			isa = PBXGroup;
			children = (
				6116CAE32335BFD70016FB94 /* swooshTests.swift */,
				6116CAE52335BFD70016FB94 /* Info.plist */,
			);
			path = swooshTests;
			sourceTree = "<group>";
		};
		6116CAED2335BFD70016FB94 /* swooshUITests */ = {
			isa = PBXGroup;
			children = (
				6116CAEE2335BFD70016FB94 /* swooshUITests.swift */,
				6116CAF02335BFD70016FB94 /* Info.plist */,
			);
			path = swooshUITests;
			sourceTree = "<group>";
		};
/* End PBXGroup section */

/* Begin PBXNativeTarget section */
		6116CACA2335BFD50016FB94 /* swoosh */ = {
			isa = PBXNativeTarget;
			buildConfigurationList = 6116CAF32335BFD70016FB94 /* Build configuration list for PBXNativeTarget "swoosh" */;
			buildPhases = (
				6116CAC72335BFD50016FB94 /* Sources */,
				6116CAC82335BFD50016FB94 /* Frameworks */,
				6116CAC92335BFD50016FB94 /* Resources */,
			);
			buildRules = (
			);
			dependencies = (
			);
			name = swoosh;
			productName = swoosh;
			productReference = 6116CACB2335BFD60016FB94 /* swoosh.app */;
			productType = "com.apple.product-type.application";
		};
		6116CADE2335BFD70016FB94 /* swooshTests */ = {
			isa = PBXNativeTarget;
			buildConfigurationList = 6116CAF62335BFD70016FB94 /* Build configuration list for PBXNativeTarget "swooshTests" */;
			buildPhases = (
				6116CADB2335BFD70016FB94 /* Sources */,
				6116CADC2335BFD70016FB94 /* Frameworks */,
				6116CADD2335BFD70016FB94 /* Resources */,
			);
			buildRules = (
			);
			dependencies = (
				6116CAE12335BFD70016FB94 /* PBXTargetDependency */,
			);
			name = swooshTests;
			productName = swooshTests;
			productReference = 6116CADF2335BFD70016FB94 /* swooshTests.xctest */;
			productType = "com.apple.product-type.bundle.unit-test";
		};
		6116CAE92335BFD70016FB94 /* swooshUITests */ = {
			isa = PBXNativeTarget;
			buildConfigurationList = 6116CAF92335BFD70016FB94 /* Build configuration list for PBXNativeTarget "swooshUITests" */;
			buildPhases = (
				6116CAE62335BFD70016FB94 /* Sources */,
				6116CAE72335BFD70016FB94 /* Frameworks */,
				6116CAE82335BFD70016FB94 /* Resources */,
			);
			buildRules = (
			);
			dependencies = (
				6116CAEC2335BFD70016FB94 /* PBXTargetDependency */,
			);
			name = swooshUITests;
			productName = swooshUITests;
			productReference = 6116CAEA2335BFD70016FB94 /* swooshUITests.xctest */;
			productType = "com.apple.product-type.bundle.ui-testing";
		};
/* End PBXNativeTarget section */

/* Begin PBXProject section */
		6116CAC32335BFD50016FB94 /* Project object */ = {
			isa = PBXProject;
			attributes = {
				LastSwiftUpdateCheck = 1030;
				LastUpgradeCheck = 1030;
				ORGANIZATIONNAME = "Jonathan Schrag";
				TargetAttributes = {
					6116CACA2335BFD50016FB94 = {
						CreatedOnToolsVersion = 10.3;
					};
					6116CADE2335BFD70016FB94 = {
						CreatedOnToolsVersion = 10.3;
						TestTargetID = 6116CACA2335BFD50016FB94;
					};
					6116CAE92335BFD70016FB94 = {
						CreatedOnToolsVersion = 10.3;
						TestTargetID = 6116CACA2335BFD50016FB94;
					};
				};
			};
			buildConfigurationList = 6116CAC62335BFD50016FB94 /* Build configuration list for PBXProject "swoosh" */;
			compatibilityVersion = "Xcode 9.3";
			developmentRegion = en;
			hasScannedForEncodings = 0;
			knownRegions = (
				en,
				Base,
			);
			mainGroup = 6116CAC22335BFD50016FB94;
			productRefGroup = 6116CACC2335BFD60016FB94 /* Products */;
			projectDirPath = "";
			projectRoot = "";
			targets = (
				6116CACA2335BFD50016FB94 /* swoosh */,
				6116CADE2335BFD70016FB94 /* swooshTests */,
				6116CAE92335BFD70016FB94 /* swooshUITests */,
			);
		};
/* End PBXProject section */

/* Begin PBXResourcesBuildPhase section */
		6116CAC92335BFD50016FB94 /* Resources */ = {
			isa = PBXResourcesBuildPhase;
			buildActionMask = 2147483647;
			files = (
				6116CAD92335BFD70016FB94 /* LaunchScreen.storyboard in Resources */,
				6116CAD62335BFD70016FB94 /* Assets.xcassets in Resources */,
				6116CAD42335BFD60016FB94 /* Main.storyboard in Resources */,
			);
			runOnlyForDeploymentPostprocessing = 0;
		};
		6116CADD2335BFD70016FB94 /* Resources */ = {
			isa = PBXResourcesBuildPhase;
			buildActionMask = 2147483647;
			files = (
			);
			runOnlyForDeploymentPostprocessing = 0;
		};
		6116CAE82335BFD70016FB94 /* Resources */ = {
			isa = PBXResourcesBuildPhase;
			buildActionMask = 2147483647;
			files = (
			);
			runOnlyForDeploymentPostprocessing = 0;
		};
/* End PBXResourcesBuildPhase section */

/* Begin PBXSourcesBuildPhase section */
		6116CAC72335BFD50016FB94 /* Sources */ = {
			isa = PBXSourcesBuildPhase;
			buildActionMask = 2147483647;
			files = (
				6116CAD12335BFD60016FB94 /* ViewController.swift in Sources */,
				6116CACF2335BFD60016FB94 /* AppDelegate.swift in Sources */,
			);
			runOnlyForDeploymentPostprocessing = 0;
		};
		6116CADB2335BFD70016FB94 /* Sources */ = {
			isa = PBXSourcesBuildPhase;
			buildActionMask = 2147483647;
			files = (
				6116CAE42335BFD70016FB94 /* swooshTests.swift in Sources */,
			);
			runOnlyForDeploymentPostprocessing = 0;
		};
		6116CAE62335BFD70016FB94 /* Sources */ = {
			isa = PBXSourcesBuildPhase;
			buildActionMask = 2147483647;
			files = (
				6116CAEF2335BFD70016FB94 /* swooshUITests.swift in Sources */,
			);
			runOnlyForDeploymentPostprocessing = 0;
		};
/* End PBXSourcesBuildPhase section */

/* Begin PBXTargetDependency section */
		6116CAE12335BFD70016FB94 /* PBXTargetDependency */ = {
			isa = PBXTargetDependency;
			target = 6116CACA2335BFD50016FB94 /* swoosh */;
			targetProxy = 6116CAE02335BFD70016FB94 /* PBXContainerItemProxy */;
		};
		6116CAEC2335BFD70016FB94 /* PBXTargetDependency */ = {
			isa = PBXTargetDependency;
			target = 6116CACA2335BFD50016FB94 /* swoosh */;
			targetProxy = 6116CAEB2335BFD70016FB94 /* PBXContainerItemProxy */;
		};
/* End PBXTargetDependency section */

/* Begin PBXVariantGroup section */
		6116CAD22335BFD60016FB94 /* Main.storyboard */ = {
			isa = PBXVariantGroup;
			children = (
				6116CAD32335BFD60016FB94 /* Base */,
			);
			name = Main.storyboard;
			sourceTree = "<group>";
		};
		6116CAD72335BFD70016FB94 /* LaunchScreen.storyboard */ = {
			isa = PBXVariantGroup;
			children = (
				6116CAD82335BFD70016FB94 /* Base */,
			);
			name = LaunchScreen.storyboard;
			sourceTree = "<group>";
		};
/* End PBXVariantGroup section */

/* Begin XCBuildConfiguration section */
		6116CAF12335BFD70016FB94 /* Debug */ = {
			isa = XCBuildConfiguration;
			buildSettings = {
				ALWAYS_SEARCH_USER_PATHS = NO;
				CLANG_ANALYZER_NONNULL = YES;
				CLANG_ANALYZER_NUMBER_OBJECT_CONVERSION = YES_AGGRESSIVE;
				CLANG_CXX_LANGUAGE_STANDARD = "gnu++14";
				CLANG_CXX_LIBRARY = "libc++";
				CLANG_ENABLE_MODULES = YES;
				CLANG_ENABLE_OBJC_ARC = YES;
				CLANG_ENABLE_OBJC_WEAK = YES;
				CLANG_WARN_BLOCK_CAPTURE_AUTORELEASING = YES;
				CLANG_WARN_BOOL_CONVERSION = YES;
				CLANG_WARN_COMMA = YES;
				CLANG_WARN_CONSTANT_CONVERSION = YES;
				CLANG_WARN_DEPRECATED_OBJC_IMPLEMENTATIONS = YES;
				CLANG_WARN_DIRECT_OBJC_ISA_USAGE = YES_ERROR;
				CLANG_WARN_DOCUMENTATION_COMMENTS = YES;
				CLANG_WARN_EMPTY_BODY = YES;
				CLANG_WARN_ENUM_CONVERSION = YES;
				CLANG_WARN_INFINITE_RECURSION = YES;
				CLANG_WARN_INT_CONVERSION = YES;
				CLANG_WARN_NON_LITERAL_NULL_CONVERSION = YES;
				CLANG_WARN_OBJC_IMPLICIT_RETAIN_SELF = YES;
				CLANG_WARN_OBJC_LITERAL_CONVERSION = YES;
				CLANG_WARN_OBJC_ROOT_CLASS = YES_ERROR;
				CLANG_WARN_RANGE_LOOP_ANALYSIS = YES;
				CLANG_WARN_STRICT_PROTOTYPES = YES;
				CLANG_WARN_SUSPICIOUS_MOVE = YES;
				CLANG_WARN_UNGUARDED_AVAILABILITY = YES_AGGRESSIVE;
				CLANG_WARN_UNREACHABLE_CODE = YES;
				CLANG_WARN__DUPLICATE_METHOD_MATCH = YES;
				CODE_SIGN_IDENTITY = "iPhone Developer";
				COPY_PHASE_STRIP = NO;
				DEBUG_INFORMATION_FORMAT = dwarf;
				ENABLE_STRICT_OBJC_MSGSEND = YES;
				ENABLE_TESTABILITY = YES;
				GCC_C_LANGUAGE_STANDARD = gnu11;
				GCC_DYNAMIC_NO_PIC = NO;
				GCC_NO_COMMON_BLOCKS = YES;
				GCC_OPTIMIZATION_LEVEL = 0;
				GCC_PREPROCESSOR_DEFINITIONS = (
					"DEBUG=1",
					"$(inherited)",
				);
				GCC_WARN_64_TO_32_BIT_CONVERSION = YES;
				GCC_WARN_ABOUT_RETURN_TYPE = YES_ERROR;
				GCC_WARN_UNDECLARED_SELECTOR = YES;
				GCC_WARN_UNINITIALIZED_AUTOS = YES_AGGRESSIVE;
				GCC_WARN_UNUSED_FUNCTION = YES;
				GCC_WARN_UNUSED_VARIABLE = YES;
				IPHONEOS_DEPLOYMENT_TARGET = 12.4;
				MTL_ENABLE_DEBUG_INFO = INCLUDE_SOURCE;
				MTL_FAST_MATH = YES;
				ONLY_ACTIVE_ARCH = YES;
				SDKROOT = iphoneos;
				SWIFT_ACTIVE_COMPILATION_CONDITIONS = DEBUG;
				SWIFT_OPTIMIZATION_LEVEL = "-Onone";
			};
			name = Debug;
		};
		6116CAF22335BFD70016FB94 /* Release */ = {
			isa = XCBuildConfiguration;
			buildSettings = {
				ALWAYS_SEARCH_USER_PATHS = NO;
				CLANG_ANALYZER_NONNULL = YES;
				CLANG_ANALYZER_NUMBER_OBJECT_CONVERSION = YES_AGGRESSIVE;
				CLANG_CXX_LANGUAGE_STANDARD = "gnu++14";
				CLANG_CXX_LIBRARY = "libc++";
				CLANG_ENABLE_MODULES = YES;
				CLANG_ENABLE_OBJC_ARC = YES;
				CLANG_ENABLE_OBJC_WEAK = YES;
				CLANG_WARN_BLOCK_CAPTURE_AUTORELEASING = YES;
				CLANG_WARN_BOOL_CONVERSION = YES;
				CLANG_WARN_COMMA = YES;
				CLANG_WARN_CONSTANT_CONVERSION = YES;
				CLANG_WARN_DEPRECATED_OBJC_IMPLEMENTATIONS = YES;
				CLANG_WARN_DIRECT_OBJC_ISA_USAGE = YES_ERROR;
				CLANG_WARN_DOCUMENTATION_COMMENTS = YES;
				CLANG_WARN_EMPTY_BODY = YES;
				CLANG_WARN_ENUM_CONVERSION = YES;
				CLANG_WARN_INFINITE_RECURSION = YES;
				CLANG_WARN_INT_CONVERSION = YES;
				CLANG_WARN_NON_LITERAL_NULL_CONVERSION = YES;
				CLANG_WARN_OBJC_IMPLICIT_RETAIN_SELF = YES;
				CLANG_WARN_OBJC_LITERAL_CONVERSION = YES;
				CLANG_WARN_OBJC_ROOT_CLASS = YES_ERROR;
				CLANG_WARN_RANGE_LOOP_ANALYSIS = YES;
				CLANG_WARN_STRICT_PROTOTYPES = YES;
				CLANG_WARN_SUSPICIOUS_MOVE = YES;
				CLANG_WARN_UNGUARDED_AVAILABILITY = YES_AGGRESSIVE;
				CLANG_WARN_UNREACHABLE_CODE = YES;
				CLANG_WARN__DUPLICATE_METHOD_MATCH = YES;
				CODE_SIGN_IDENTITY = "iPhone Developer";
				COPY_PHASE_STRIP = NO;
				DEBUG_INFORMATION_FORMAT = "dwarf-with-dsym";
				ENABLE_NS_ASSERTIONS = NO;
				ENABLE_STRICT_OBJC_MSGSEND = YES;
				GCC_C_LANGUAGE_STANDARD = gnu11;
				GCC_NO_COMMON_BLOCKS = YES;
				GCC_WARN_64_TO_32_BIT_CONVERSION = YES;
				GCC_WARN_ABOUT_RETURN_TYPE = YES_ERROR;
				GCC_WARN_UNDECLARED_SELECTOR = YES;
				GCC_WARN_UNINITIALIZED_AUTOS = YES_AGGRESSIVE;
				GCC_WARN_UNUSED_FUNCTION = YES;
				GCC_WARN_UNUSED_VARIABLE = YES;
				IPHONEOS_DEPLOYMENT_TARGET = 12.4;
				MTL_ENABLE_DEBUG_INFO = NO;
				MTL_FAST_MATH = YES;
				SDKROOT = iphoneos;
				SWIFT_COMPILATION_MODE = wholemodule;
				SWIFT_OPTIMIZATION_LEVEL = "-O";
				VALIDATE_PRODUCT = YES;
			};
			name = Release;
		};
		6116CAF42335BFD70016FB94 /* Debug */ = {
			isa = XCBuildConfiguration;
			buildSettings = {
				ASSETCATALOG_COMPILER_APPICON_NAME = AppIcon;
				CODE_SIGN_STYLE = Automatic;
				INFOPLIST_FILE = swoosh/Info.plist;
				LD_RUNPATH_SEARCH_PATHS = (
					"$(inherited)",
					"@executable_path/Frameworks",
				);
				PRODUCT_BUNDLE_IDENTIFIER = schrag.swoosh;
				PRODUCT_NAME = "$(TARGET_NAME)";
				SWIFT_VERSION = 5.0;
				TARGETED_DEVICE_FAMILY = "1,2";
			};
			name = Debug;
		};
		6116CAF52335BFD70016FB94 /* Release */ = {
			isa = XCBuildConfiguration;
			buildSettings = {
				ASSETCATALOG_COMPILER_APPICON_NAME = AppIcon;
				CODE_SIGN_STYLE = Automatic;
				INFOPLIST_FILE = swoosh/Info.plist;
				LD_RUNPATH_SEARCH_PATHS = (
					"$(inherited)",
					"@executable_path/Frameworks",
				);
				PRODUCT_BUNDLE_IDENTIFIER = schrag.swoosh;
				PRODUCT_NAME = "$(TARGET_NAME)";
				SWIFT_VERSION = 5.0;
				TARGETED_DEVICE_FAMILY = "1,2";
			};
			name = Release;
		};
		6116CAF72335BFD70016FB94 /* Debug */ = {
			isa = XCBuildConfiguration;
			buildSettings = {
				ALWAYS_EMBED_SWIFT_STANDARD_LIBRARIES = YES;
				BUNDLE_LOADER = "$(TEST_HOST)";
				CODE_SIGN_STYLE = Automatic;
				INFOPLIST_FILE = swooshTests/Info.plist;
				LD_RUNPATH_SEARCH_PATHS = (
					"$(inherited)",
					"@executable_path/Frameworks",
					"@loader_path/Frameworks",
				);
				PRODUCT_BUNDLE_IDENTIFIER = schrag.swooshTests;
				PRODUCT_NAME = "$(TARGET_NAME)";
				SWIFT_VERSION = 5.0;
				TARGETED_DEVICE_FAMILY = "1,2";
				TEST_HOST = "$(BUILT_PRODUCTS_DIR)/swoosh.app/swoosh";
			};
			name = Debug;
		};
		6116CAF82335BFD70016FB94 /* Release */ = {
			isa = XCBuildConfiguration;
			buildSettings = {
				ALWAYS_EMBED_SWIFT_STANDARD_LIBRARIES = YES;
				BUNDLE_LOADER = "$(TEST_HOST)";
				CODE_SIGN_STYLE = Automatic;
				INFOPLIST_FILE = swooshTests/Info.plist;
				LD_RUNPATH_SEARCH_PATHS = (
					"$(inherited)",
					"@executable_path/Frameworks",
					"@loader_path/Frameworks",
				);
				PRODUCT_BUNDLE_IDENTIFIER = schrag.swooshTests;
				PRODUCT_NAME = "$(TARGET_NAME)";
				SWIFT_VERSION = 5.0;
				TARGETED_DEVICE_FAMILY = "1,2";
				TEST_HOST = "$(BUILT_PRODUCTS_DIR)/swoosh.app/swoosh";
			};
			name = Release;
		};
		6116CAFA2335BFD70016FB94 /* Debug */ = {
			isa = XCBuildConfiguration;
			buildSettings = {
				ALWAYS_EMBED_SWIFT_STANDARD_LIBRARIES = YES;
				CODE_SIGN_STYLE = Automatic;
				INFOPLIST_FILE = swooshUITests/Info.plist;
				LD_RUNPATH_SEARCH_PATHS = (
					"$(inherited)",
					"@executable_path/Frameworks",
					"@loader_path/Frameworks",
				);
				PRODUCT_BUNDLE_IDENTIFIER = schrag.swooshUITests;
				PRODUCT_NAME = "$(TARGET_NAME)";
				SWIFT_VERSION = 5.0;
				TARGETED_DEVICE_FAMILY = "1,2";
				TEST_TARGET_NAME = swoosh;
			};
			name = Debug;
		};
		6116CAFB2335BFD70016FB94 /* Release */ = {
			isa = XCBuildConfiguration;
			buildSettings = {
				ALWAYS_EMBED_SWIFT_STANDARD_LIBRARIES = YES;
				CODE_SIGN_STYLE = Automatic;
				INFOPLIST_FILE = swooshUITests/Info.plist;
				LD_RUNPATH_SEARCH_PATHS = (
					"$(inherited)",
					"@executable_path/Frameworks",
					"@loader_path/Frameworks",
				);
				PRODUCT_BUNDLE_IDENTIFIER = schrag.swooshUITests;
				PRODUCT_NAME = "$(TARGET_NAME)";
				SWIFT_VERSION = 5.0;
				TARGETED_DEVICE_FAMILY = "1,2";
				TEST_TARGET_NAME = swoosh;
			};
			name = Release;
		};
/* End XCBuildConfiguration section */

/* Begin XCConfigurationList section */
		6116CAC62335BFD50016FB94 /* Build configuration list for PBXProject "swoosh" */ = {
			isa = XCConfigurationList;
			buildConfigurations = (
				6116CAF12335BFD70016FB94 /* Debug */,
				6116CAF22335BFD70016FB94 /* Release */,
			);
			defaultConfigurationIsVisible = 0;
			defaultConfigurationName = Release;
		};
		6116CAF32335BFD70016FB94 /* Build configuration list for PBXNativeTarget "swoosh" */ = {
			isa = XCConfigurationList;
			buildConfigurations = (
				6116CAF42335BFD70016FB94 /* Debug */,
				6116CAF52335BFD70016FB94 /* Release */,
			);
			defaultConfigurationIsVisible = 0;
			defaultConfigurationName = Release;
		};
		6116CAF62335BFD70016FB94 /* Build configuration list for PBXNativeTarget "swooshTests" */ = {
			isa = XCConfigurationList;
			buildConfigurations = (
				6116CAF72335BFD70016FB94 /* Debug */,
				6116CAF82335BFD70016FB94 /* Release */,
			);
			defaultConfigurationIsVisible = 0;
			defaultConfigurationName = Release;
		};
		6116CAF92335BFD70016FB94 /* Build configuration list for PBXNativeTarget "swooshUITests" */ = {
			isa = XCConfigurationList;
			buildConfigurations = (
				6116CAFA2335BFD70016FB94 /* Debug */,
				6116CAFB2335BFD70016FB94 /* Release */,
			);
			defaultConfigurationIsVisible = 0;
			defaultConfigurationName = Release;
		};
/* End XCConfigurationList section */
	};
	rootObject = 6116CAC32335BFD50016FB94 /* Project object */;
}
